
Microsoft Visual Studio Solution File, Format Version 12.00
# Visual Studio Version 16
VisualStudioVersion = 16.0.31313.79
MinimumVisualStudioVersion = 10.0.40219.1
Project("{9A19103F-16F7-4668-BE54-9A1E7A4F7556}") = "Domain", "Domain\Domain.csproj", "{4D7E0622-E19D-4616-AE3F-A86A80D260CC}"
EndProject
Project("{9A19103F-16F7-4668-BE54-9A1E7A4F7556}") = "Data", "Data\Data.csproj", "{697DBFEB-1EE8-46E6-B06D-1873D8E76106}"
EndProject
Project("{FAE04EC0-301F-11D3-BF4B-00C04F79EFBC}") = "ConsoleApp", "ConsoleApp\ConsoleApp.csproj", "{5A719640-421F-46F0-BD59-41848DB36651}"
EndProject
Global
	GlobalSection(SolutionConfigurationPlatforms) = preSolution
		Debug|Any CPU = Debug|Any CPU
		Release|Any CPU = Release|Any CPU
	EndGlobalSection
	GlobalSection(ProjectConfigurationPlatforms) = postSolution
		{4D7E0622-E19D-4616-AE3F-A86A80D260CC}.Debug|Any CPU.ActiveCfg = Debug|Any CPU
		{4D7E0622-E19D-4616-AE3F-A86A80D260CC}.Debug|Any CPU.Build.0 = Debug|Any CPU
		{4D7E0622-E19D-4616-AE3F-A86A80D260CC}.Release|Any CPU.ActiveCfg = Release|Any CPU
		{4D7E0622-E19D-4616-AE3F-A86A80D260CC}.Release|Any CPU.Build.0 = Release|Any CPU
		{697DBFEB-1EE8-46E6-B06D-1873D8E76106}.Debug|Any CPU.ActiveCfg = Debug|Any CPU
		{697DBFEB-1EE8-46E6-B06D-1873D8E76106}.Debug|Any CPU.Build.0 = Debug|Any CPU
		{697DBFEB-1EE8-46E6-B06D-1873D8E76106}.Release|Any CPU.ActiveCfg = Release|Any CPU
		{697DBFEB-1EE8-46E6-B06D-1873D8E76106}.Release|Any CPU.Build.0 = Release|Any CPU
		{5A719640-421F-46F0-BD59-41848DB36651}.Debug|Any CPU.ActiveCfg = Debug|Any CPU
		{5A719640-421F-46F0-BD59-41848DB36651}.Debug|Any CPU.Build.0 = Debug|Any CPU
		{5A719640-421F-46F0-BD59-41848DB36651}.Release|Any CPU.ActiveCfg = Release|Any CPU
		{5A719640-421F-46F0-BD59-41848DB36651}.Release|Any CPU.Build.0 = Release|Any CPU
	EndGlobalSection
	GlobalSection(SolutionProperties) = preSolution
		HideSolutionNode = FALSE
	EndGlobalSection
	GlobalSection(ExtensibilityGlobals) = postSolution
		SolutionGuid = {E1E4B739-47E9-4916-92C5-40C4740F94C6}
	EndGlobalSection
EndGlobal
